<?xml version="1.0" encoding="utf-8"?>
<Project ToolsVersion="4.0" xmlns="http://schemas.microsoft.com/developer/msbuild/2003">
  <ItemGroup>
    <Filter Include="Source Files">
      <UniqueIdentifier>{4FC737F1-C7A5-4376-A066-2A32D752A2FF}</UniqueIdentifier>
      <Extensions>cpp;c;cc;cxx;def;odl;idl;hpj;bat;asm;asmx</Extensions>
    </Filter>
    <Filter Include="Header Files">
      <UniqueIdentifier>{93995380-89BD-4b04-88EB-625FBE52EBFB}</UniqueIdentifier>
      <Extensions>h;hh;hpp;hxx;hm;inl;inc;ipp;xsd</Extensions>
    </Filter>
    <Filter Include="Resource Files">
      <UniqueIdentifier>{67DA6AB6-F800-4c08-8B7A-83BB121AAD01}</UniqueIdentifier>
      <Extensions>rc;ico;cur;bmp;dlg;rc2;rct;bin;rgs;gif;jpg;jpeg;jpe;resx;tiff;tif;png;wav;mfcribbon-ms</Extensions>
    </Filter>
  </ItemGroup>
  <ItemGroup>
    <ClInclude Include="..\..\cache.h">
      <Filter>Header Files</Filter>
    </ClInclude>
    <ClInclude Include="..\..\common.h">
      <Filter>Header Files</Filter>
    </ClInclude>
    <ClInclude Include="..\..\decompress.h">
      <Filter>Header Files</Filter>
    </ClInclude>
    <ClInclude Include="..\..\dir.h">
      <Filter>Header Files</Filter>
    </ClInclude>
    <ClInclude Include="..\..\file.h">
      <Filter>Header Files</Filter>
    </ClInclude>
    <ClInclude Include="..\..\fs.h">
      <Filter>Header Files</Filter>
    </ClInclude>
    <ClInclude Include="..\..\fuseprivate.h">
      <Filter>Header Files</Filter>
    </ClInclude>
    <ClInclude Include="..\..\hash.h">
      <Filter>Header Files</Filter>
    </ClInclude>
    <ClInclude Include="..\..\ll.h">
      <Filter>Header Files</Filter>
    </ClInclude>
    <ClInclude Include="..\..\nonstd.h">
      <Filter>Header Files</Filter>
    </ClInclude>
    <ClInclude Include="..\..\nonstd-internal.h">
      <Filter>Header Files</Filter>
    </ClInclude>
    <ClInclude Include="..\..\squashfs_fs.h">
      <Filter>Header Files</Filter>
    </ClInclude>
    <ClInclude Include="..\..\squashfuse.h">
      <Filter>Header Files</Filter>
    </ClInclude>
    <ClInclude Include="..\..\stack.h">
      <Filter>Header Files</Filter>
    </ClInclude>
    <ClInclude Include="..\..\swap.h">
      <Filter>Header Files</Filter>
    </ClInclude>
    <ClInclude Include="..\..\table.h">
      <Filter>Header Files</Filter>
    </ClInclude>
    <ClInclude Include="..\..\traverse.h">
      <Filter>Header Files</Filter>
    </ClInclude>
    <ClInclude Include="..\..\util.h">
      <Filter>Header Files</Filter>
    </ClInclude>
    <ClInclude Include="..\..\xattr.h">
      <Filter>Header Files</Filter>
    </ClInclude>
    <ClInclude Include="..\..\mutex.h">
      <Filter>Header Files</Filter>
    </ClInclude>
    <ClInclude Include="resource.h">
      <Filter>Header Files</Filter>
    </ClInclude>
    <ClInclude Include="..\pthread.h">
      <Filter>Header Files</Filter>
    </ClInclude>
    <ClInclude Include="..\unistd.h">
      <Filter>Header Files</Filter>
    </ClInclude>
  </ItemGroup>
  <ItemGroup>
    <None Include="squashfuse.def">
      <Filter>Source Files</Filter>
    </None>
  </ItemGroup>
  <ItemGroup>
    <ResourceCompile Include="squashfuseDLL.rc">
      <Filter>Resource Files</Filter>
    </ResourceCompile>
  </ItemGroup>
  <ItemGroup>
    <Image Include="icon1.ico">
      <Filter>Resource Files</Filter>
    </Image>
  </ItemGroup>
  <ItemGroup>
    <ClCompile Include="..\..\xattr.c">
      <Filter>Source Files</Filter>
    </ClCompile>
    <ClCompile Include="..\..\cache.c">
      <Filter>Source Files</Filter>
    </ClCompile>
    <ClCompile Include="..\..\decompress.c">
      <Filter>Source Files</Filter>
    </ClCompile>
    <ClCompile Include="..\..\dir.c">
      <Filter>Source Files</Filter>
    </ClCompile>
    <ClCompile Include="..\..\file.c">
      <Filter>Source Files</Filter>
    </ClCompile>
    <ClCompile Include="..\..\fs.c">
      <Filter>Source Files</Filter>
    </ClCompile>
    <ClCompile Include="..\..\fuseprivate.c">
      <Filter>Source Files</Filter>
    </ClCompile>
    <ClCompile Include="..\..\hash.c">
      <Filter>Source Files</Filter>
    </ClCompile>
    <ClCompile Include="..\..\nonstd-enoattr.c">
      <Filter>Source Files</Filter>
    </ClCompile>
    <ClCompile Include="..\..\nonstd-makedev.c">
      <Filter>Source Files</Filter>
    </ClCompile>
    <ClCompile Include="..\..\nonstd-pread.c">
      <Filter>Source Files</Filter>
    </ClCompile>
    <ClCompile Include="..\..\nonstd-stat.c">
      <Filter>Source Files</Filter>
    </ClCompile>
    <ClCompile Include="..\..\stack.c">
      <Filter>Source Files</Filter>
    </ClCompile>
    <ClCompile Include="..\..\swap.c">
      <Filter>Source Files</Filter>
    </ClCompile>
    <ClCompile Include="..\..\table.c">
      <Filter>Source Files</Filter>
    </ClCompile>
    <ClCompile Include="..\..\traverse.c">
      <Filter>Source Files</Filter>
    </ClCompile>
    <ClCompile Include="..\..\util.c">
      <Filter>Source Files</Filter>
    </ClCompile>
    <ClCompile Include="..\WinMutex.c">
      <Filter>Source Files</Filter>
    </ClCompile>
    <ClCompile Include="..\..\cache_mt.c">
      <Filter>Source Files</Filter>
    </ClCompile>
    <ClCompile Include="..\pthread_stub.c">
      <Filter>Source Files</Filter>
    </ClCompile>
  </ItemGroup>
</Project>